
Microsoft Visual Studio Solution File, Format Version 12.00
# Visual Studio Version 17
VisualStudioVersion = 17.6.33815.320
MinimumVisualStudioVersion = 10.0.40219.1
Project("{FAE04EC0-301F-11D3-BF4B-00C04F79EFBC}") = "Pharmacy_Management", "Pharmacy_Management\Pharmacy_Management.csproj", "{AC1714E5-0D7A-45BA-853E-135CA09A6414}"
EndProject
Global
	GlobalSection(SolutionConfigurationPlatforms) = preSolution
		Debug|Any CPU = Debug|Any CPU
		Release|Any CPU = Release|Any CPU
	EndGlobalSection
	GlobalSection(ProjectConfigurationPlatforms) = postSolution
		{AC1714E5-0D7A-45BA-853E-135CA09A6414}.Debug|Any CPU.ActiveCfg = Debug|Any CPU
		{AC1714E5-0D7A-45BA-853E-135CA09A6414}.Debug|Any CPU.Build.0 = Debug|Any CPU
		{AC1714E5-0D7A-45BA-853E-135CA09A6414}.Release|Any CPU.ActiveCfg = Release|Any CPU
		{AC1714E5-0D7A-45BA-853E-135CA09A6414}.Release|Any CPU.Build.0 = Release|Any CPU
	EndGlobalSection
	GlobalSection(SolutionProperties) = preSolution
		HideSolutionNode = FALSE
	EndGlobalSection
	GlobalSection(ExtensibilityGlobals) = postSolution
		SolutionGuid = {E9035B49-80A1-4C4F-B94B-F2BA58F71F01}
	EndGlobalSection
EndGlobal
